
Microsoft Visual Studio Solution File, Format Version 12.00
# Visual Studio 15
VisualStudioVersion = 15.0.27703.2047
MinimumVisualStudioVersion = 10.0.40219.1
Project("{FAE04EC0-301F-11D3-BF4B-00C04F79EFBC}") = "Entidades", "Entidades\Entidades.csproj", "{D72DB888-42BF-48A8-BFB4-E8FE77F6BA71}"
EndProject
Project("{FAE04EC0-301F-11D3-BF4B-00C04F79EFBC}") = "Test", "Test\Test.csproj", "{DD5E5053-9DCD-466F-BC9D-A240076D5587}"
EndProject
Global
	GlobalSection(SolutionConfigurationPlatforms) = preSolution
		Debug|Any CPU = Debug|Any CPU
		Release|Any CPU = Release|Any CPU
	EndGlobalSection
	GlobalSection(ProjectConfigurationPlatforms) = postSolution
		{D72DB888-42BF-48A8-BFB4-E8FE77F6BA71}.Debug|Any CPU.ActiveCfg = Debug|Any CPU
		{D72DB888-42BF-48A8-BFB4-E8FE77F6BA71}.Debug|Any CPU.Build.0 = Debug|Any CPU
		{D72DB888-42BF-48A8-BFB4-E8FE77F6BA71}.Release|Any CPU.ActiveCfg = Release|Any CPU
		{D72DB888-42BF-48A8-BFB4-E8FE77F6BA71}.Release|Any CPU.Build.0 = Release|Any CPU
		{DD5E5053-9DCD-466F-BC9D-A240076D5587}.Debug|Any CPU.ActiveCfg = Debug|Any CPU
		{DD5E5053-9DCD-466F-BC9D-A240076D5587}.Debug|Any CPU.Build.0 = Debug|Any CPU
		{DD5E5053-9DCD-466F-BC9D-A240076D5587}.Release|Any CPU.ActiveCfg = Release|Any CPU
		{DD5E5053-9DCD-466F-BC9D-A240076D5587}.Release|Any CPU.Build.0 = Release|Any CPU
	EndGlobalSection
	GlobalSection(SolutionProperties) = preSolution
		HideSolutionNode = FALSE
	EndGlobalSection
	GlobalSection(ExtensibilityGlobals) = postSolution
		SolutionGuid = {15937CE5-5570-4A67-8BBD-567CAFEE4B7F}
	EndGlobalSection
EndGlobal
